
Microsoft Visual Studio Solution File, Format Version 12.00
# Visual Studio 15
VisualStudioVersion = 15.0.27703.2047
MinimumVisualStudioVersion = 10.0.40219.1
Project("{FAE04EC0-301F-11D3-BF4B-00C04F79EFBC}") = "ResX.Git.Merge.Driver", "ResX.Git.Merge.Driver\ResX.Git.Merge.Driver.csproj", "{C0FCC9F9-FF9A-4BCA-B12C-EF5349B11760}"
EndProject
Project("{FAE04EC0-301F-11D3-BF4B-00C04F79EFBC}") = "ResX.Git.Merge.Driver.Tests", "ResX.Git.Merge.Driver.Tests\ResX.Git.Merge.Driver.Tests.csproj", "{08BB0B34-468F-4CB1-BAC5-20D421DFF7E5}"
EndProject
Global
	GlobalSection(SolutionConfigurationPlatforms) = preSolution
		Debug|Any CPU = Debug|Any CPU
		Release|Any CPU = Release|Any CPU
	EndGlobalSection
	GlobalSection(ProjectConfigurationPlatforms) = postSolution
		{C0FCC9F9-FF9A-4BCA-B12C-EF5349B11760}.Debug|Any CPU.ActiveCfg = Debug|Any CPU
		{C0FCC9F9-FF9A-4BCA-B12C-EF5349B11760}.Debug|Any CPU.Build.0 = Debug|Any CPU
		{C0FCC9F9-FF9A-4BCA-B12C-EF5349B11760}.Release|Any CPU.ActiveCfg = Release|Any CPU
		{C0FCC9F9-FF9A-4BCA-B12C-EF5349B11760}.Release|Any CPU.Build.0 = Release|Any CPU
		{08BB0B34-468F-4CB1-BAC5-20D421DFF7E5}.Debug|Any CPU.ActiveCfg = Debug|Any CPU
		{08BB0B34-468F-4CB1-BAC5-20D421DFF7E5}.Debug|Any CPU.Build.0 = Debug|Any CPU
		{08BB0B34-468F-4CB1-BAC5-20D421DFF7E5}.Release|Any CPU.ActiveCfg = Release|Any CPU
		{08BB0B34-468F-4CB1-BAC5-20D421DFF7E5}.Release|Any CPU.Build.0 = Release|Any CPU
	EndGlobalSection
	GlobalSection(SolutionProperties) = preSolution
		HideSolutionNode = FALSE
	EndGlobalSection
	GlobalSection(ExtensibilityGlobals) = postSolution
		SolutionGuid = {E8409DC2-B872-4A10-BE67-1705EC6815CE}
	EndGlobalSection
EndGlobal
